
Microsoft Visual Studio Solution File, Format Version 12.00
# Visual Studio 15
VisualStudioVersion = 15.0.28307.168
MinimumVisualStudioVersion = 10.0.40219.1
Project("{FAE04EC0-301F-11D3-BF4B-00C04F79EFBC}") = "Sales.Android", "Sales\Sales.Android\Sales.Android.csproj", "{6359246C-3F6B-4F23-8608-7853F04D6D7E}"
EndProject
Project("{FAE04EC0-301F-11D3-BF4B-00C04F79EFBC}") = "Sales.iOS", "Sales\Sales.iOS\Sales.iOS.csproj", "{D3B6B001-3EB4-490D-B7DD-5197F2115E06}"
EndProject
Project("{FAE04EC0-301F-11D3-BF4B-00C04F79EFBC}") = "Sales.UWP", "Sales\Sales.UWP\Sales.UWP.csproj", "{35FB4433-DF00-4ECF-9D48-6F445A4A33F4}"
EndProject
Project("{9A19103F-16F7-4668-BE54-9A1E7A4F7556}") = "Sales", "Sales\Sales\Sales.csproj", "{42A49EA7-9965-48FB-8011-202ABB2460E1}"
EndProject
Project("{FAE04EC0-301F-11D3-BF4B-00C04F79EFBC}") = "Sales.Backend", "Sales.Backend\Sales.Backend.csproj", "{63FC6400-7438-4506-8945-AF2D27FECC68}"
EndProject
Project("{FAE04EC0-301F-11D3-BF4B-00C04F79EFBC}") = "Sales.Api", "Sales.Api\Sales.Api.csproj", "{16729523-8296-4261-8AEE-8F148106C1E2}"
EndProject
Project("{FAE04EC0-301F-11D3-BF4B-00C04F79EFBC}") = "Sales.Domain", "Sales.Domain\Sales.Domain.csproj", "{815D7558-1D54-4CDD-A39B-F0DCE3CB6E43}"
EndProject
Project("{FAE04EC0-301F-11D3-BF4B-00C04F79EFBC}") = "Sales.Common", "Sales.Common\Sales.Common.csproj", "{EC978ACA-9A31-4B2B-B8BB-E57464966D30}"
EndProject
Global
	GlobalSection(SolutionConfigurationPlatforms) = preSolution
		Ad-Hoc|Any CPU = Ad-Hoc|Any CPU
		Ad-Hoc|ARM = Ad-Hoc|ARM
		Ad-Hoc|iPhone = Ad-Hoc|iPhone
		Ad-Hoc|iPhoneSimulator = Ad-Hoc|iPhoneSimulator
		Ad-Hoc|x64 = Ad-Hoc|x64
		Ad-Hoc|x86 = Ad-Hoc|x86
		AppStore|Any CPU = AppStore|Any CPU
		AppStore|ARM = AppStore|ARM
		AppStore|iPhone = AppStore|iPhone
		AppStore|iPhoneSimulator = AppStore|iPhoneSimulator
		AppStore|x64 = AppStore|x64
		AppStore|x86 = AppStore|x86
		Debug|Any CPU = Debug|Any CPU
		Debug|ARM = Debug|ARM
		Debug|iPhone = Debug|iPhone
		Debug|iPhoneSimulator = Debug|iPhoneSimulator
		Debug|x64 = Debug|x64
		Debug|x86 = Debug|x86
		Release|Any CPU = Release|Any CPU
		Release|ARM = Release|ARM
		Release|iPhone = Release|iPhone
		Release|iPhoneSimulator = Release|iPhoneSimulator
		Release|x64 = Release|x64
		Release|x86 = Release|x86
	EndGlobalSection
	GlobalSection(ProjectConfigurationPlatforms) = postSolution
		{6359246C-3F6B-4F23-8608-7853F04D6D7E}.Ad-Hoc|Any CPU.ActiveCfg = Release|Any CPU
		{6359246C-3F6B-4F23-8608-7853F04D6D7E}.Ad-Hoc|Any CPU.Build.0 = Release|Any CPU
		{6359246C-3F6B-4F23-8608-7853F04D6D7E}.Ad-Hoc|Any CPU.Deploy.0 = Release|Any CPU
		{6359246C-3F6B-4F23-8608-7853F04D6D7E}.Ad-Hoc|ARM.ActiveCfg = Release|Any CPU
		{6359246C-3F6B-4F23-8608-7853F04D6D7E}.Ad-Hoc|ARM.Build.0 = Release|Any CPU
		{6359246C-3F6B-4F23-8608-7853F04D6D7E}.Ad-Hoc|ARM.Deploy.0 = Release|Any CPU
		{6359246C-3F6B-4F23-8608-7853F04D6D7E}.Ad-Hoc|iPhone.ActiveCfg = Release|Any CPU
		{6359246C-3F6B-4F23-8608-7853F04D6D7E}.Ad-Hoc|iPhone.Build.0 = Release|Any CPU
		{6359246C-3F6B-4F23-8608-7853F04D6D7E}.Ad-Hoc|iPhone.Deploy.0 = Release|Any CPU
		{6359246C-3F6B-4F23-8608-7853F04D6D7E}.Ad-Hoc|iPhoneSimulator.ActiveCfg = Release|Any CPU
		{6359246C-3F6B-4F23-8608-7853F04D6D7E}.Ad-Hoc|iPhoneSimulator.Build.0 = Release|Any CPU
		{6359246C-3F6B-4F23-8608-7853F04D6D7E}.Ad-Hoc|iPhoneSimulator.Deploy.0 = Release|Any CPU
		{6359246C-3F6B-4F23-8608-7853F04D6D7E}.Ad-Hoc|x64.ActiveCfg = Release|Any CPU
		{6359246C-3F6B-4F23-8608-7853F04D6D7E}.Ad-Hoc|x64.Build.0 = Release|Any CPU
		{6359246C-3F6B-4F23-8608-7853F04D6D7E}.Ad-Hoc|x64.Deploy.0 = Release|Any CPU
		{6359246C-3F6B-4F23-8608-7853F04D6D7E}.Ad-Hoc|x86.ActiveCfg = Release|Any CPU
		{6359246C-3F6B-4F23-8608-7853F04D6D7E}.Ad-Hoc|x86.Build.0 = Release|Any CPU
		{6359246C-3F6B-4F23-8608-7853F04D6D7E}.Ad-Hoc|x86.Deploy.0 = Release|Any CPU
		{6359246C-3F6B-4F23-8608-7853F04D6D7E}.AppStore|Any CPU.ActiveCfg = Release|Any CPU
		{6359246C-3F6B-4F23-8608-7853F04D6D7E}.AppStore|Any CPU.Build.0 = Release|Any CPU
		{6359246C-3F6B-4F23-8608-7853F04D6D7E}.AppStore|Any CPU.Deploy.0 = Release|Any CPU
		{6359246C-3F6B-4F23-8608-7853F04D6D7E}.AppStore|ARM.ActiveCfg = Release|Any CPU
		{6359246C-3F6B-4F23-8608-7853F04D6D7E}.AppStore|ARM.Build.0 = Release|Any CPU
		{6359246C-3F6B-4F23-8608-7853F04D6D7E}.AppStore|ARM.Deploy.0 = Release|Any CPU
		{6359246C-3F6B-4F23-8608-7853F04D6D7E}.AppStore|iPhone.ActiveCfg = Release|Any CPU
		{6359246C-3F6B-4F23-8608-7853F04D6D7E}.AppStore|iPhone.Build.0 = Release|Any CPU
		{6359246C-3F6B-4F23-8608-7853F04D6D7E}.AppStore|iPhone.Deploy.0 = Release|Any CPU
		{6359246C-3F6B-4F23-8608-7853F04D6D7E}.AppStore|iPhoneSimulator.ActiveCfg = Release|Any CPU
		{6359246C-3F6B-4F23-8608-7853F04D6D7E}.AppStore|iPhoneSimulator.Build.0 = Release|Any CPU
		{6359246C-3F6B-4F23-8608-7853F04D6D7E}.AppStore|iPhoneSimulator.Deploy.0 = Release|Any CPU
		{6359246C-3F6B-4F23-8608-7853F04D6D7E}.AppStore|x64.ActiveCfg = Release|Any CPU
		{6359246C-3F6B-4F23-8608-7853F04D6D7E}.AppStore|x64.Build.0 = Release|Any CPU
		{6359246C-3F6B-4F23-8608-7853F04D6D7E}.AppStore|x64.Deploy.0 = Release|Any CPU
		{6359246C-3F6B-4F23-8608-7853F04D6D7E}.AppStore|x86.ActiveCfg = Release|Any CPU
		{6359246C-3F6B-4F23-8608-7853F04D6D7E}.AppStore|x86.Build.0 = Release|Any CPU
		{6359246C-3F6B-4F23-8608-7853F04D6D7E}.AppStore|x86.Deploy.0 = Release|Any CPU
		{6359246C-3F6B-4F23-8608-7853F04D6D7E}.Debug|Any CPU.ActiveCfg = Debug|Any CPU
		{6359246C-3F6B-4F23-8608-7853F04D6D7E}.Debug|Any CPU.Build.0 = Debug|Any CPU
		{6359246C-3F6B-4F23-8608-7853F04D6D7E}.Debug|Any CPU.Deploy.0 = Debug|Any CPU
		{6359246C-3F6B-4F23-8608-7853F04D6D7E}.Debug|ARM.ActiveCfg = Debug|Any CPU
		{6359246C-3F6B-4F23-8608-7853F04D6D7E}.Debug|ARM.Build.0 = Debug|Any CPU
		{6359246C-3F6B-4F23-8608-7853F04D6D7E}.Debug|ARM.Deploy.0 = Debug|Any CPU
		{6359246C-3F6B-4F23-8608-7853F04D6D7E}.Debug|iPhone.ActiveCfg = Debug|Any CPU
		{6359246C-3F6B-4F23-8608-7853F04D6D7E}.Debug|iPhone.Build.0 = Debug|Any CPU
		{6359246C-3F6B-4F23-8608-7853F04D6D7E}.Debug|iPhone.Deploy.0 = Debug|Any CPU
		{6359246C-3F6B-4F23-8608-7853F04D6D7E}.Debug|iPhoneSimulator.ActiveCfg = Debug|Any CPU
		{6359246C-3F6B-4F23-8608-7853F04D6D7E}.Debug|iPhoneSimulator.Build.0 = Debug|Any CPU
		{6359246C-3F6B-4F23-8608-7853F04D6D7E}.Debug|iPhoneSimulator.Deploy.0 = Debug|Any CPU
		{6359246C-3F6B-4F23-8608-7853F04D6D7E}.Debug|x64.ActiveCfg = Debug|Any CPU
		{6359246C-3F6B-4F23-8608-7853F04D6D7E}.Debug|x64.Build.0 = Debug|Any CPU
		{6359246C-3F6B-4F23-8608-7853F04D6D7E}.Debug|x64.Deploy.0 = Debug|Any CPU
		{6359246C-3F6B-4F23-8608-7853F04D6D7E}.Debug|x86.ActiveCfg = Debug|Any CPU
		{6359246C-3F6B-4F23-8608-7853F04D6D7E}.Debug|x86.Build.0 = Debug|Any CPU
		{6359246C-3F6B-4F23-8608-7853F04D6D7E}.Debug|x86.Deploy.0 = Debug|Any CPU
		{6359246C-3F6B-4F23-8608-7853F04D6D7E}.Release|Any CPU.ActiveCfg = Release|Any CPU
		{6359246C-3F6B-4F23-8608-7853F04D6D7E}.Release|Any CPU.Build.0 = Release|Any CPU
		{6359246C-3F6B-4F23-8608-7853F04D6D7E}.Release|Any CPU.Deploy.0 = Release|Any CPU
		{6359246C-3F6B-4F23-8608-7853F04D6D7E}.Release|ARM.ActiveCfg = Release|Any CPU
		{6359246C-3F6B-4F23-8608-7853F04D6D7E}.Release|ARM.Build.0 = Release|Any CPU
		{6359246C-3F6B-4F23-8608-7853F04D6D7E}.Release|ARM.Deploy.0 = Release|Any CPU
		{6359246C-3F6B-4F23-8608-7853F04D6D7E}.Release|iPhone.ActiveCfg = Release|Any CPU
		{6359246C-3F6B-4F23-8608-7853F04D6D7E}.Release|iPhone.Build.0 = Release|Any CPU
		{6359246C-3F6B-4F23-8608-7853F04D6D7E}.Release|iPhone.Deploy.0 = Release|Any CPU
		{6359246C-3F6B-4F23-8608-7853F04D6D7E}.Release|iPhoneSimulator.ActiveCfg = Release|Any CPU
		{6359246C-3F6B-4F23-8608-7853F04D6D7E}.Release|iPhoneSimulator.Build.0 = Release|Any CPU
		{6359246C-3F6B-4F23-8608-7853F04D6D7E}.Release|iPhoneSimulator.Deploy.0 = Release|Any CPU
		{6359246C-3F6B-4F23-8608-7853F04D6D7E}.Release|x64.ActiveCfg = Release|Any CPU
		{6359246C-3F6B-4F23-8608-7853F04D6D7E}.Release|x64.Build.0 = Release|Any CPU
		{6359246C-3F6B-4F23-8608-7853F04D6D7E}.Release|x64.Deploy.0 = Release|Any CPU
		{6359246C-3F6B-4F23-8608-7853F04D6D7E}.Release|x86.ActiveCfg = Release|Any CPU
		{6359246C-3F6B-4F23-8608-7853F04D6D7E}.Release|x86.Build.0 = Release|Any CPU
		{6359246C-3F6B-4F23-8608-7853F04D6D7E}.Release|x86.Deploy.0 = Release|Any CPU
		{D3B6B001-3EB4-490D-B7DD-5197F2115E06}.Ad-Hoc|Any CPU.ActiveCfg = Ad-Hoc|iPhone
		{D3B6B001-3EB4-490D-B7DD-5197F2115E06}.Ad-Hoc|Any CPU.Build.0 = Ad-Hoc|iPhone
		{D3B6B001-3EB4-490D-B7DD-5197F2115E06}.Ad-Hoc|Any CPU.Deploy.0 = Ad-Hoc|iPhone
		{D3B6B001-3EB4-490D-B7DD-5197F2115E06}.Ad-Hoc|ARM.ActiveCfg = Ad-Hoc|iPhone
		{D3B6B001-3EB4-490D-B7DD-5197F2115E06}.Ad-Hoc|ARM.Build.0 = Ad-Hoc|iPhone
		{D3B6B001-3EB4-490D-B7DD-5197F2115E06}.Ad-Hoc|ARM.Deploy.0 = Ad-Hoc|iPhone
		{D3B6B001-3EB4-490D-B7DD-5197F2115E06}.Ad-Hoc|iPhone.ActiveCfg = Ad-Hoc|iPhone
		{D3B6B001-3EB4-490D-B7DD-5197F2115E06}.Ad-Hoc|iPhone.Build.0 = Ad-Hoc|iPhone
		{D3B6B001-3EB4-490D-B7DD-5197F2115E06}.Ad-Hoc|iPhone.Deploy.0 = Ad-Hoc|iPhone
		{D3B6B001-3EB4-490D-B7DD-5197F2115E06}.Ad-Hoc|iPhoneSimulator.ActiveCfg = Ad-Hoc|iPhoneSimulator
		{D3B6B001-3EB4-490D-B7DD-5197F2115E06}.Ad-Hoc|iPhoneSimulator.Build.0 = Ad-Hoc|iPhoneSimulator
		{D3B6B001-3EB4-490D-B7DD-5197F2115E06}.Ad-Hoc|iPhoneSimulator.Deploy.0 = Ad-Hoc|iPhoneSimulator
		{D3B6B001-3EB4-490D-B7DD-5197F2115E06}.Ad-Hoc|x64.ActiveCfg = Ad-Hoc|iPhone
		{D3B6B001-3EB4-490D-B7DD-5197F2115E06}.Ad-Hoc|x64.Build.0 = Ad-Hoc|iPhone
		{D3B6B001-3EB4-490D-B7DD-5197F2115E06}.Ad-Hoc|x64.Deploy.0 = Ad-Hoc|iPhone
		{D3B6B001-3EB4-490D-B7DD-5197F2115E06}.Ad-Hoc|x86.ActiveCfg = Ad-Hoc|iPhone
		{D3B6B001-3EB4-490D-B7DD-5197F2115E06}.Ad-Hoc|x86.Build.0 = Ad-Hoc|iPhone
		{D3B6B001-3EB4-490D-B7DD-5197F2115E06}.Ad-Hoc|x86.Deploy.0 = Ad-Hoc|iPhone
		{D3B6B001-3EB4-490D-B7DD-5197F2115E06}.AppStore|Any CPU.ActiveCfg = AppStore|iPhone
		{D3B6B001-3EB4-490D-B7DD-5197F2115E06}.AppStore|Any CPU.Build.0 = AppStore|iPhone
		{D3B6B001-3EB4-490D-B7DD-5197F2115E06}.AppStore|Any CPU.Deploy.0 = AppStore|iPhone
		{D3B6B001-3EB4-490D-B7DD-5197F2115E06}.AppStore|ARM.ActiveCfg = AppStore|iPhone
		{D3B6B001-3EB4-490D-B7DD-5197F2115E06}.AppStore|ARM.Build.0 = AppStore|iPhone
		{D3B6B001-3EB4-490D-B7DD-5197F2115E06}.AppStore|ARM.Deploy.0 = AppStore|iPhone
		{D3B6B001-3EB4-490D-B7DD-5197F2115E06}.AppStore|iPhone.ActiveCfg = AppStore|iPhone
		{D3B6B001-3EB4-490D-B7DD-5197F2115E06}.AppStore|iPhone.Build.0 = AppStore|iPhone
		{D3B6B001-3EB4-490D-B7DD-5197F2115E06}.AppStore|iPhone.Deploy.0 = AppStore|iPhone
		{D3B6B001-3EB4-490D-B7DD-5197F2115E06}.AppStore|iPhoneSimulator.ActiveCfg = AppStore|iPhoneSimulator
		{D3B6B001-3EB4-490D-B7DD-5197F2115E06}.AppStore|iPhoneSimulator.Build.0 = AppStore|iPhoneSimulator
		{D3B6B001-3EB4-490D-B7DD-5197F2115E06}.AppStore|iPhoneSimulator.Deploy.0 = AppStore|iPhoneSimulator
		{D3B6B001-3EB4-490D-B7DD-5197F2115E06}.AppStore|x64.ActiveCfg = AppStore|iPhone
		{D3B6B001-3EB4-490D-B7DD-5197F2115E06}.AppStore|x64.Build.0 = AppStore|iPhone
		{D3B6B001-3EB4-490D-B7DD-5197F2115E06}.AppStore|x64.Deploy.0 = AppStore|iPhone
		{D3B6B001-3EB4-490D-B7DD-5197F2115E06}.AppStore|x86.ActiveCfg = AppStore|iPhone
		{D3B6B001-3EB4-490D-B7DD-5197F2115E06}.AppStore|x86.Build.0 = AppStore|iPhone
		{D3B6B001-3EB4-490D-B7DD-5197F2115E06}.AppStore|x86.Deploy.0 = AppStore|iPhone
		{D3B6B001-3EB4-490D-B7DD-5197F2115E06}.Debug|Any CPU.ActiveCfg = Debug|iPhoneSimulator
		{D3B6B001-3EB4-490D-B7DD-5197F2115E06}.Debug|Any CPU.Build.0 = Debug|iPhoneSimulator
		{D3B6B001-3EB4-490D-B7DD-5197F2115E06}.Debug|Any CPU.Deploy.0 = Debug|iPhoneSimulator
		{D3B6B001-3EB4-490D-B7DD-5197F2115E06}.Debug|ARM.ActiveCfg = Debug|iPhone
		{D3B6B001-3EB4-490D-B7DD-5197F2115E06}.Debug|ARM.Build.0 = Debug|iPhone
		{D3B6B001-3EB4-490D-B7DD-5197F2115E06}.Debug|ARM.Deploy.0 = Debug|iPhone
		{D3B6B001-3EB4-490D-B7DD-5197F2115E06}.Debug|iPhone.ActiveCfg = Debug|iPhone
		{D3B6B001-3EB4-490D-B7DD-5197F2115E06}.Debug|iPhone.Build.0 = Debug|iPhone
		{D3B6B001-3EB4-490D-B7DD-5197F2115E06}.Debug|iPhone.Deploy.0 = Debug|iPhone
		{D3B6B001-3EB4-490D-B7DD-5197F2115E06}.Debug|iPhoneSimulator.ActiveCfg = Debug|iPhoneSimulator
		{D3B6B001-3EB4-490D-B7DD-5197F2115E06}.Debug|iPhoneSimulator.Build.0 = Debug|iPhoneSimulator
		{D3B6B001-3EB4-490D-B7DD-5197F2115E06}.Debug|iPhoneSimulator.Deploy.0 = Debug|iPhoneSimulator
		{D3B6B001-3EB4-490D-B7DD-5197F2115E06}.Debug|x64.ActiveCfg = Debug|iPhone
		{D3B6B001-3EB4-490D-B7DD-5197F2115E06}.Debug|x64.Build.0 = Debug|iPhone
		{D3B6B001-3EB4-490D-B7DD-5197F2115E06}.Debug|x64.Deploy.0 = Debug|iPhone
		{D3B6B001-3EB4-490D-B7DD-5197F2115E06}.Debug|x86.ActiveCfg = Debug|iPhone
		{D3B6B001-3EB4-490D-B7DD-5197F2115E06}.Debug|x86.Build.0 = Debug|iPhone
		{D3B6B001-3EB4-490D-B7DD-5197F2115E06}.Debug|x86.Deploy.0 = Debug|iPhone
		{D3B6B001-3EB4-490D-B7DD-5197F2115E06}.Release|Any CPU.ActiveCfg = Release|iPhone
		{D3B6B001-3EB4-490D-B7DD-5197F2115E06}.Release|Any CPU.Build.0 = Release|iPhone
		{D3B6B001-3EB4-490D-B7DD-5197F2115E06}.Release|Any CPU.Deploy.0 = Release|iPhone
		{D3B6B001-3EB4-490D-B7DD-5197F2115E06}.Release|ARM.ActiveCfg = Release|iPhone
		{D3B6B001-3EB4-490D-B7DD-5197F2115E06}.Release|ARM.Build.0 = Release|iPhone
		{D3B6B001-3EB4-490D-B7DD-5197F2115E06}.Release|ARM.Deploy.0 = Release|iPhone
		{D3B6B001-3EB4-490D-B7DD-5197F2115E06}.Release|iPhone.ActiveCfg = Release|iPhone
		{D3B6B001-3EB4-490D-B7DD-5197F2115E06}.Release|iPhone.Build.0 = Release|iPhone
		{D3B6B001-3EB4-490D-B7DD-5197F2115E06}.Release|iPhone.Deploy.0 = Release|iPhone
		{D3B6B001-3EB4-490D-B7DD-5197F2115E06}.Release|iPhoneSimulator.ActiveCfg = Release|iPhoneSimulator
		{D3B6B001-3EB4-490D-B7DD-5197F2115E06}.Release|iPhoneSimulator.Build.0 = Release|iPhoneSimulator
		{D3B6B001-3EB4-490D-B7DD-5197F2115E06}.Release|iPhoneSimulator.Deploy.0 = Release|iPhoneSimulator
		{D3B6B001-3EB4-490D-B7DD-5197F2115E06}.Release|x64.ActiveCfg = Release|iPhone
		{D3B6B001-3EB4-490D-B7DD-5197F2115E06}.Release|x64.Build.0 = Release|iPhone
		{D3B6B001-3EB4-490D-B7DD-5197F2115E06}.Release|x64.Deploy.0 = Release|iPhone
		{D3B6B001-3EB4-490D-B7DD-5197F2115E06}.Release|x86.ActiveCfg = Release|iPhone
		{D3B6B001-3EB4-490D-B7DD-5197F2115E06}.Release|x86.Build.0 = Release|iPhone
		{D3B6B001-3EB4-490D-B7DD-5197F2115E06}.Release|x86.Deploy.0 = Release|iPhone
		{35FB4433-DF00-4ECF-9D48-6F445A4A33F4}.Ad-Hoc|Any CPU.ActiveCfg = Release|x86
		{35FB4433-DF00-4ECF-9D48-6F445A4A33F4}.Ad-Hoc|Any CPU.Build.0 = Release|x86
		{35FB4433-DF00-4ECF-9D48-6F445A4A33F4}.Ad-Hoc|Any CPU.Deploy.0 = Release|x86
		{35FB4433-DF00-4ECF-9D48-6F445A4A33F4}.Ad-Hoc|ARM.ActiveCfg = Release|ARM
		{35FB4433-DF00-4ECF-9D48-6F445A4A33F4}.Ad-Hoc|ARM.Build.0 = Release|ARM
		{35FB4433-DF00-4ECF-9D48-6F445A4A33F4}.Ad-Hoc|ARM.Deploy.0 = Release|ARM
		{35FB4433-DF00-4ECF-9D48-6F445A4A33F4}.Ad-Hoc|iPhone.ActiveCfg = Release|x86
		{35FB4433-DF00-4ECF-9D48-6F445A4A33F4}.Ad-Hoc|iPhone.Build.0 = Release|x86
		{35FB4433-DF00-4ECF-9D48-6F445A4A33F4}.Ad-Hoc|iPhone.Deploy.0 = Release|x86
		{35FB4433-DF00-4ECF-9D48-6F445A4A33F4}.Ad-Hoc|iPhoneSimulator.ActiveCfg = Release|x86
		{35FB4433-DF00-4ECF-9D48-6F445A4A33F4}.Ad-Hoc|iPhoneSimulator.Build.0 = Release|x86
		{35FB4433-DF00-4ECF-9D48-6F445A4A33F4}.Ad-Hoc|iPhoneSimulator.Deploy.0 = Release|x86
		{35FB4433-DF00-4ECF-9D48-6F445A4A33F4}.Ad-Hoc|x64.ActiveCfg = Release|x64
		{35FB4433-DF00-4ECF-9D48-6F445A4A33F4}.Ad-Hoc|x64.Build.0 = Release|x64
		{35FB4433-DF00-4ECF-9D48-6F445A4A33F4}.Ad-Hoc|x64.Deploy.0 = Release|x64
		{35FB4433-DF00-4ECF-9D48-6F445A4A33F4}.Ad-Hoc|x86.ActiveCfg = Release|x86
		{35FB4433-DF00-4ECF-9D48-6F445A4A33F4}.Ad-Hoc|x86.Build.0 = Release|x86
		{35FB4433-DF00-4ECF-9D48-6F445A4A33F4}.Ad-Hoc|x86.Deploy.0 = Release|x86
		{35FB4433-DF00-4ECF-9D48-6F445A4A33F4}.AppStore|Any CPU.ActiveCfg = Release|x86
		{35FB4433-DF00-4ECF-9D48-6F445A4A33F4}.AppStore|Any CPU.Build.0 = Release|x86
		{35FB4433-DF00-4ECF-9D48-6F445A4A33F4}.AppStore|Any CPU.Deploy.0 = Release|x86
		{35FB4433-DF00-4ECF-9D48-6F445A4A33F4}.AppStore|ARM.ActiveCfg = Release|ARM
		{35FB4433-DF00-4ECF-9D48-6F445A4A33F4}.AppStore|ARM.Build.0 = Release|ARM
		{35FB4433-DF00-4ECF-9D48-6F445A4A33F4}.AppStore|ARM.Deploy.0 = Release|ARM
		{35FB4433-DF00-4ECF-9D48-6F445A4A33F4}.AppStore|iPhone.ActiveCfg = Release|x86
		{35FB4433-DF00-4ECF-9D48-6F445A4A33F4}.AppStore|iPhone.Build.0 = Release|x86
		{35FB4433-DF00-4ECF-9D48-6F445A4A33F4}.AppStore|iPhone.Deploy.0 = Release|x86
		{35FB4433-DF00-4ECF-9D48-6F445A4A33F4}.AppStore|iPhoneSimulator.ActiveCfg = Release|x86
		{35FB4433-DF00-4ECF-9D48-6F445A4A33F4}.AppStore|iPhoneSimulator.Build.0 = Release|x86
		{35FB4433-DF00-4ECF-9D48-6F445A4A33F4}.AppStore|iPhoneSimulator.Deploy.0 = Release|x86
		{35FB4433-DF00-4ECF-9D48-6F445A4A33F4}.AppStore|x64.ActiveCfg = Release|x64
		{35FB4433-DF00-4ECF-9D48-6F445A4A33F4}.AppStore|x64.Build.0 = Release|x64
		{35FB4433-DF00-4ECF-9D48-6F445A4A33F4}.AppStore|x64.Deploy.0 = Release|x64
		{35FB4433-DF00-4ECF-9D48-6F445A4A33F4}.AppStore|x86.ActiveCfg = Release|x86
		{35FB4433-DF00-4ECF-9D48-6F445A4A33F4}.AppStore|x86.Build.0 = Release|x86
		{35FB4433-DF00-4ECF-9D48-6F445A4A33F4}.AppStore|x86.Deploy.0 = Release|x86
		{35FB4433-DF00-4ECF-9D48-6F445A4A33F4}.Debug|Any CPU.ActiveCfg = Debug|x86
		{35FB4433-DF00-4ECF-9D48-6F445A4A33F4}.Debug|Any CPU.Build.0 = Debug|x86
		{35FB4433-DF00-4ECF-9D48-6F445A4A33F4}.Debug|Any CPU.Deploy.0 = Debug|x86
		{35FB4433-DF00-4ECF-9D48-6F445A4A33F4}.Debug|ARM.ActiveCfg = Debug|ARM
		{35FB4433-DF00-4ECF-9D48-6F445A4A33F4}.Debug|ARM.Build.0 = Debug|ARM
		{35FB4433-DF00-4ECF-9D48-6F445A4A33F4}.Debug|ARM.Deploy.0 = Debug|ARM
		{35FB4433-DF00-4ECF-9D48-6F445A4A33F4}.Debug|iPhone.ActiveCfg = Debug|x86
		{35FB4433-DF00-4ECF-9D48-6F445A4A33F4}.Debug|iPhone.Build.0 = Debug|x86
		{35FB4433-DF00-4ECF-9D48-6F445A4A33F4}.Debug|iPhone.Deploy.0 = Debug|x86
		{35FB4433-DF00-4ECF-9D48-6F445A4A33F4}.Debug|iPhoneSimulator.ActiveCfg = Debug|x86
		{35FB4433-DF00-4ECF-9D48-6F445A4A33F4}.Debug|iPhoneSimulator.Build.0 = Debug|x86
		{35FB4433-DF00-4ECF-9D48-6F445A4A33F4}.Debug|iPhoneSimulator.Deploy.0 = Debug|x86
		{35FB4433-DF00-4ECF-9D48-6F445A4A33F4}.Debug|x64.ActiveCfg = Debug|x64
		{35FB4433-DF00-4ECF-9D48-6F445A4A33F4}.Debug|x64.Build.0 = Debug|x64
		{35FB4433-DF00-4ECF-9D48-6F445A4A33F4}.Debug|x64.Deploy.0 = Debug|x64
		{35FB4433-DF00-4ECF-9D48-6F445A4A33F4}.Debug|x86.ActiveCfg = Debug|x86
		{35FB4433-DF00-4ECF-9D48-6F445A4A33F4}.Debug|x86.Build.0 = Debug|x86
		{35FB4433-DF00-4ECF-9D48-6F445A4A33F4}.Debug|x86.Deploy.0 = Debug|x86
		{35FB4433-DF00-4ECF-9D48-6F445A4A33F4}.Release|Any CPU.ActiveCfg = Release|x86
		{35FB4433-DF00-4ECF-9D48-6F445A4A33F4}.Release|Any CPU.Build.0 = Release|x86
		{35FB4433-DF00-4ECF-9D48-6F445A4A33F4}.Release|Any CPU.Deploy.0 = Release|x86
		{35FB4433-DF00-4ECF-9D48-6F445A4A33F4}.Release|ARM.ActiveCfg = Release|ARM
		{35FB4433-DF00-4ECF-9D48-6F445A4A33F4}.Release|ARM.Build.0 = Release|ARM
		{35FB4433-DF00-4ECF-9D48-6F445A4A33F4}.Release|ARM.Deploy.0 = Release|ARM
		{35FB4433-DF00-4ECF-9D48-6F445A4A33F4}.Release|iPhone.ActiveCfg = Release|x86
		{35FB4433-DF00-4ECF-9D48-6F445A4A33F4}.Release|iPhone.Build.0 = Release|x86
		{35FB4433-DF00-4ECF-9D48-6F445A4A33F4}.Release|iPhone.Deploy.0 = Release|x86
		{35FB4433-DF00-4ECF-9D48-6F445A4A33F4}.Release|iPhoneSimulator.ActiveCfg = Release|x86
		{35FB4433-DF00-4ECF-9D48-6F445A4A33F4}.Release|iPhoneSimulator.Build.0 = Release|x86
		{35FB4433-DF00-4ECF-9D48-6F445A4A33F4}.Release|iPhoneSimulator.Deploy.0 = Release|x86
		{35FB4433-DF00-4ECF-9D48-6F445A4A33F4}.Release|x64.ActiveCfg = Release|x64
		{35FB4433-DF00-4ECF-9D48-6F445A4A33F4}.Release|x64.Build.0 = Release|x64
		{35FB4433-DF00-4ECF-9D48-6F445A4A33F4}.Release|x64.Deploy.0 = Release|x64
		{35FB4433-DF00-4ECF-9D48-6F445A4A33F4}.Release|x86.ActiveCfg = Release|x86
		{35FB4433-DF00-4ECF-9D48-6F445A4A33F4}.Release|x86.Build.0 = Release|x86
		{35FB4433-DF00-4ECF-9D48-6F445A4A33F4}.Release|x86.Deploy.0 = Release|x86
		{42A49EA7-9965-48FB-8011-202ABB2460E1}.Ad-Hoc|Any CPU.ActiveCfg = Debug|Any CPU
		{42A49EA7-9965-48FB-8011-202ABB2460E1}.Ad-Hoc|Any CPU.Build.0 = Debug|Any CPU
		{42A49EA7-9965-48FB-8011-202ABB2460E1}.Ad-Hoc|Any CPU.Deploy.0 = Debug|Any CPU
		{42A49EA7-9965-48FB-8011-202ABB2460E1}.Ad-Hoc|ARM.ActiveCfg = Debug|Any CPU
		{42A49EA7-9965-48FB-8011-202ABB2460E1}.Ad-Hoc|ARM.Build.0 = Debug|Any CPU
		{42A49EA7-9965-48FB-8011-202ABB2460E1}.Ad-Hoc|ARM.Deploy.0 = Debug|Any CPU
		{42A49EA7-9965-48FB-8011-202ABB2460E1}.Ad-Hoc|iPhone.ActiveCfg = Debug|Any CPU
		{42A49EA7-9965-48FB-8011-202ABB2460E1}.Ad-Hoc|iPhone.Build.0 = Debug|Any CPU
		{42A49EA7-9965-48FB-8011-202ABB2460E1}.Ad-Hoc|iPhone.Deploy.0 = Debug|Any CPU
		{42A49EA7-9965-48FB-8011-202ABB2460E1}.Ad-Hoc|iPhoneSimulator.ActiveCfg = Debug|Any CPU
		{42A49EA7-9965-48FB-8011-202ABB2460E1}.Ad-Hoc|iPhoneSimulator.Build.0 = Debug|Any CPU
		{42A49EA7-9965-48FB-8011-202ABB2460E1}.Ad-Hoc|iPhoneSimulator.Deploy.0 = Debug|Any CPU
		{42A49EA7-9965-48FB-8011-202ABB2460E1}.Ad-Hoc|x64.ActiveCfg = Debug|Any CPU
		{42A49EA7-9965-48FB-8011-202ABB2460E1}.Ad-Hoc|x64.Build.0 = Debug|Any CPU
		{42A49EA7-9965-48FB-8011-202ABB2460E1}.Ad-Hoc|x64.Deploy.0 = Debug|Any CPU
		{42A49EA7-9965-48FB-8011-202ABB2460E1}.Ad-Hoc|x86.ActiveCfg = Debug|Any CPU
		{42A49EA7-9965-48FB-8011-202ABB2460E1}.Ad-Hoc|x86.Build.0 = Debug|Any CPU
		{42A49EA7-9965-48FB-8011-202ABB2460E1}.Ad-Hoc|x86.Deploy.0 = Debug|Any CPU
		{42A49EA7-9965-48FB-8011-202ABB2460E1}.AppStore|Any CPU.ActiveCfg = Debug|Any CPU
		{42A49EA7-9965-48FB-8011-202ABB2460E1}.AppStore|Any CPU.Build.0 = Debug|Any CPU
		{42A49EA7-9965-48FB-8011-202ABB2460E1}.AppStore|Any CPU.Deploy.0 = Debug|Any CPU
		{42A49EA7-9965-48FB-8011-202ABB2460E1}.AppStore|ARM.ActiveCfg = Debug|Any CPU
		{42A49EA7-9965-48FB-8011-202ABB2460E1}.AppStore|ARM.Build.0 = Debug|Any CPU
		{42A49EA7-9965-48FB-8011-202ABB2460E1}.AppStore|ARM.Deploy.0 = Debug|Any CPU
		{42A49EA7-9965-48FB-8011-202ABB2460E1}.AppStore|iPhone.ActiveCfg = Debug|Any CPU
		{42A49EA7-9965-48FB-8011-202ABB2460E1}.AppStore|iPhone.Build.0 = Debug|Any CPU
		{42A49EA7-9965-48FB-8011-202ABB2460E1}.AppStore|iPhone.Deploy.0 = Debug|Any CPU
		{42A49EA7-9965-48FB-8011-202ABB2460E1}.AppStore|iPhoneSimulator.ActiveCfg = Debug|Any CPU
		{42A49EA7-9965-48FB-8011-202ABB2460E1}.AppStore|iPhoneSimulator.Build.0 = Debug|Any CPU
		{42A49EA7-9965-48FB-8011-202ABB2460E1}.AppStore|iPhoneSimulator.Deploy.0 = Debug|Any CPU
		{42A49EA7-9965-48FB-8011-202ABB2460E1}.AppStore|x64.ActiveCfg = Debug|Any CPU
		{42A49EA7-9965-48FB-8011-202ABB2460E1}.AppStore|x64.Build.0 = Debug|Any CPU
		{42A49EA7-9965-48FB-8011-202ABB2460E1}.AppStore|x64.Deploy.0 = Debug|Any CPU
		{42A49EA7-9965-48FB-8011-202ABB2460E1}.AppStore|x86.ActiveCfg = Debug|Any CPU
		{42A49EA7-9965-48FB-8011-202ABB2460E1}.AppStore|x86.Build.0 = Debug|Any CPU
		{42A49EA7-9965-48FB-8011-202ABB2460E1}.AppStore|x86.Deploy.0 = Debug|Any CPU
		{42A49EA7-9965-48FB-8011-202ABB2460E1}.Debug|Any CPU.ActiveCfg = Debug|Any CPU
		{42A49EA7-9965-48FB-8011-202ABB2460E1}.Debug|Any CPU.Build.0 = Debug|Any CPU
		{42A49EA7-9965-48FB-8011-202ABB2460E1}.Debug|Any CPU.Deploy.0 = Debug|Any CPU
		{42A49EA7-9965-48FB-8011-202ABB2460E1}.Debug|ARM.ActiveCfg = Debug|Any CPU
		{42A49EA7-9965-48FB-8011-202ABB2460E1}.Debug|ARM.Build.0 = Debug|Any CPU
		{42A49EA7-9965-48FB-8011-202ABB2460E1}.Debug|ARM.Deploy.0 = Debug|Any CPU
		{42A49EA7-9965-48FB-8011-202ABB2460E1}.Debug|iPhone.ActiveCfg = Debug|Any CPU
		{42A49EA7-9965-48FB-8011-202ABB2460E1}.Debug|iPhone.Build.0 = Debug|Any CPU
		{42A49EA7-9965-48FB-8011-202ABB2460E1}.Debug|iPhone.Deploy.0 = Debug|Any CPU
		{42A49EA7-9965-48FB-8011-202ABB2460E1}.Debug|iPhoneSimulator.ActiveCfg = Debug|Any CPU
		{42A49EA7-9965-48FB-8011-202ABB2460E1}.Debug|iPhoneSimulator.Build.0 = Debug|Any CPU
		{42A49EA7-9965-48FB-8011-202ABB2460E1}.Debug|iPhoneSimulator.Deploy.0 = Debug|Any CPU
		{42A49EA7-9965-48FB-8011-202ABB2460E1}.Debug|x64.ActiveCfg = Debug|Any CPU
		{42A49EA7-9965-48FB-8011-202ABB2460E1}.Debug|x64.Build.0 = Debug|Any CPU
		{42A49EA7-9965-48FB-8011-202ABB2460E1}.Debug|x64.Deploy.0 = Debug|Any CPU
		{42A49EA7-9965-48FB-8011-202ABB2460E1}.Debug|x86.ActiveCfg = Debug|Any CPU
		{42A49EA7-9965-48FB-8011-202ABB2460E1}.Debug|x86.Build.0 = Debug|Any CPU
		{42A49EA7-9965-48FB-8011-202ABB2460E1}.Debug|x86.Deploy.0 = Debug|Any CPU
		{42A49EA7-9965-48FB-8011-202ABB2460E1}.Release|Any CPU.ActiveCfg = Release|Any CPU
		{42A49EA7-9965-48FB-8011-202ABB2460E1}.Release|Any CPU.Build.0 = Release|Any CPU
		{42A49EA7-9965-48FB-8011-202ABB2460E1}.Release|Any CPU.Deploy.0 = Release|Any CPU
		{42A49EA7-9965-48FB-8011-202ABB2460E1}.Release|ARM.ActiveCfg = Release|Any CPU
		{42A49EA7-9965-48FB-8011-202ABB2460E1}.Release|ARM.Build.0 = Release|Any CPU
		{42A49EA7-9965-48FB-8011-202ABB2460E1}.Release|ARM.Deploy.0 = Release|Any CPU
		{42A49EA7-9965-48FB-8011-202ABB2460E1}.Release|iPhone.ActiveCfg = Release|Any CPU
		{42A49EA7-9965-48FB-8011-202ABB2460E1}.Release|iPhone.Build.0 = Release|Any CPU
		{42A49EA7-9965-48FB-8011-202ABB2460E1}.Release|iPhone.Deploy.0 = Release|Any CPU
		{42A49EA7-9965-48FB-8011-202ABB2460E1}.Release|iPhoneSimulator.ActiveCfg = Release|Any CPU
		{42A49EA7-9965-48FB-8011-202ABB2460E1}.Release|iPhoneSimulator.Build.0 = Release|Any CPU
		{42A49EA7-9965-48FB-8011-202ABB2460E1}.Release|iPhoneSimulator.Deploy.0 = Release|Any CPU
		{42A49EA7-9965-48FB-8011-202ABB2460E1}.Release|x64.ActiveCfg = Release|Any CPU
		{42A49EA7-9965-48FB-8011-202ABB2460E1}.Release|x64.Build.0 = Release|Any CPU
		{42A49EA7-9965-48FB-8011-202ABB2460E1}.Release|x64.Deploy.0 = Release|Any CPU
		{42A49EA7-9965-48FB-8011-202ABB2460E1}.Release|x86.ActiveCfg = Release|Any CPU
		{42A49EA7-9965-48FB-8011-202ABB2460E1}.Release|x86.Build.0 = Release|Any CPU
		{42A49EA7-9965-48FB-8011-202ABB2460E1}.Release|x86.Deploy.0 = Release|Any CPU
		{63FC6400-7438-4506-8945-AF2D27FECC68}.Ad-Hoc|Any CPU.ActiveCfg = Release|Any CPU
		{63FC6400-7438-4506-8945-AF2D27FECC68}.Ad-Hoc|Any CPU.Build.0 = Release|Any CPU
		{63FC6400-7438-4506-8945-AF2D27FECC68}.Ad-Hoc|ARM.ActiveCfg = Release|Any CPU
		{63FC6400-7438-4506-8945-AF2D27FECC68}.Ad-Hoc|ARM.Build.0 = Release|Any CPU
		{63FC6400-7438-4506-8945-AF2D27FECC68}.Ad-Hoc|iPhone.ActiveCfg = Release|Any CPU
		{63FC6400-7438-4506-8945-AF2D27FECC68}.Ad-Hoc|iPhone.Build.0 = Release|Any CPU
		{63FC6400-7438-4506-8945-AF2D27FECC68}.Ad-Hoc|iPhoneSimulator.ActiveCfg = Release|Any CPU
		{63FC6400-7438-4506-8945-AF2D27FECC68}.Ad-Hoc|iPhoneSimulator.Build.0 = Release|Any CPU
		{63FC6400-7438-4506-8945-AF2D27FECC68}.Ad-Hoc|x64.ActiveCfg = Release|Any CPU
		{63FC6400-7438-4506-8945-AF2D27FECC68}.Ad-Hoc|x64.Build.0 = Release|Any CPU
		{63FC6400-7438-4506-8945-AF2D27FECC68}.Ad-Hoc|x86.ActiveCfg = Release|Any CPU
		{63FC6400-7438-4506-8945-AF2D27FECC68}.Ad-Hoc|x86.Build.0 = Release|Any CPU
		{63FC6400-7438-4506-8945-AF2D27FECC68}.AppStore|Any CPU.ActiveCfg = Release|Any CPU
		{63FC6400-7438-4506-8945-AF2D27FECC68}.AppStore|Any CPU.Build.0 = Release|Any CPU
		{63FC6400-7438-4506-8945-AF2D27FECC68}.AppStore|ARM.ActiveCfg = Release|Any CPU
		{63FC6400-7438-4506-8945-AF2D27FECC68}.AppStore|ARM.Build.0 = Release|Any CPU
		{63FC6400-7438-4506-8945-AF2D27FECC68}.AppStore|iPhone.ActiveCfg = Release|Any CPU
		{63FC6400-7438-4506-8945-AF2D27FECC68}.AppStore|iPhone.Build.0 = Release|Any CPU
		{63FC6400-7438-4506-8945-AF2D27FECC68}.AppStore|iPhoneSimulator.ActiveCfg = Release|Any CPU
		{63FC6400-7438-4506-8945-AF2D27FECC68}.AppStore|iPhoneSimulator.Build.0 = Release|Any CPU
		{63FC6400-7438-4506-8945-AF2D27FECC68}.AppStore|x64.ActiveCfg = Release|Any CPU
		{63FC6400-7438-4506-8945-AF2D27FECC68}.AppStore|x64.Build.0 = Release|Any CPU
		{63FC6400-7438-4506-8945-AF2D27FECC68}.AppStore|x86.ActiveCfg = Release|Any CPU
		{63FC6400-7438-4506-8945-AF2D27FECC68}.AppStore|x86.Build.0 = Release|Any CPU
		{63FC6400-7438-4506-8945-AF2D27FECC68}.Debug|Any CPU.ActiveCfg = Debug|Any CPU
		{63FC6400-7438-4506-8945-AF2D27FECC68}.Debug|Any CPU.Build.0 = Debug|Any CPU
		{63FC6400-7438-4506-8945-AF2D27FECC68}.Debug|ARM.ActiveCfg = Debug|Any CPU
		{63FC6400-7438-4506-8945-AF2D27FECC68}.Debug|ARM.Build.0 = Debug|Any CPU
		{63FC6400-7438-4506-8945-AF2D27FECC68}.Debug|iPhone.ActiveCfg = Debug|Any CPU
		{63FC6400-7438-4506-8945-AF2D27FECC68}.Debug|iPhone.Build.0 = Debug|Any CPU
		{63FC6400-7438-4506-8945-AF2D27FECC68}.Debug|iPhoneSimulator.ActiveCfg = Debug|Any CPU
		{63FC6400-7438-4506-8945-AF2D27FECC68}.Debug|iPhoneSimulator.Build.0 = Debug|Any CPU
		{63FC6400-7438-4506-8945-AF2D27FECC68}.Debug|x64.ActiveCfg = Debug|Any CPU
		{63FC6400-7438-4506-8945-AF2D27FECC68}.Debug|x64.Build.0 = Debug|Any CPU
		{63FC6400-7438-4506-8945-AF2D27FECC68}.Debug|x86.ActiveCfg = Debug|Any CPU
		{63FC6400-7438-4506-8945-AF2D27FECC68}.Debug|x86.Build.0 = Debug|Any CPU
		{63FC6400-7438-4506-8945-AF2D27FECC68}.Release|Any CPU.ActiveCfg = Release|Any CPU
		{63FC6400-7438-4506-8945-AF2D27FECC68}.Release|Any CPU.Build.0 = Release|Any CPU
		{63FC6400-7438-4506-8945-AF2D27FECC68}.Release|ARM.ActiveCfg = Release|Any CPU
		{63FC6400-7438-4506-8945-AF2D27FECC68}.Release|ARM.Build.0 = Release|Any CPU
		{63FC6400-7438-4506-8945-AF2D27FECC68}.Release|iPhone.ActiveCfg = Release|Any CPU
		{63FC6400-7438-4506-8945-AF2D27FECC68}.Release|iPhone.Build.0 = Release|Any CPU
		{63FC6400-7438-4506-8945-AF2D27FECC68}.Release|iPhoneSimulator.ActiveCfg = Release|Any CPU
		{63FC6400-7438-4506-8945-AF2D27FECC68}.Release|iPhoneSimulator.Build.0 = Release|Any CPU
		{63FC6400-7438-4506-8945-AF2D27FECC68}.Release|x64.ActiveCfg = Release|Any CPU
		{63FC6400-7438-4506-8945-AF2D27FECC68}.Release|x64.Build.0 = Release|Any CPU
		{63FC6400-7438-4506-8945-AF2D27FECC68}.Release|x86.ActiveCfg = Release|Any CPU
		{63FC6400-7438-4506-8945-AF2D27FECC68}.Release|x86.Build.0 = Release|Any CPU
		{16729523-8296-4261-8AEE-8F148106C1E2}.Ad-Hoc|Any CPU.ActiveCfg = Release|Any CPU
		{16729523-8296-4261-8AEE-8F148106C1E2}.Ad-Hoc|Any CPU.Build.0 = Release|Any CPU
		{16729523-8296-4261-8AEE-8F148106C1E2}.Ad-Hoc|ARM.ActiveCfg = Release|Any CPU
		{16729523-8296-4261-8AEE-8F148106C1E2}.Ad-Hoc|ARM.Build.0 = Release|Any CPU
		{16729523-8296-4261-8AEE-8F148106C1E2}.Ad-Hoc|iPhone.ActiveCfg = Release|Any CPU
		{16729523-8296-4261-8AEE-8F148106C1E2}.Ad-Hoc|iPhone.Build.0 = Release|Any CPU
		{16729523-8296-4261-8AEE-8F148106C1E2}.Ad-Hoc|iPhoneSimulator.ActiveCfg = Release|Any CPU
		{16729523-8296-4261-8AEE-8F148106C1E2}.Ad-Hoc|iPhoneSimulator.Build.0 = Release|Any CPU
		{16729523-8296-4261-8AEE-8F148106C1E2}.Ad-Hoc|x64.ActiveCfg = Release|Any CPU
		{16729523-8296-4261-8AEE-8F148106C1E2}.Ad-Hoc|x64.Build.0 = Release|Any CPU
		{16729523-8296-4261-8AEE-8F148106C1E2}.Ad-Hoc|x86.ActiveCfg = Release|Any CPU
		{16729523-8296-4261-8AEE-8F148106C1E2}.Ad-Hoc|x86.Build.0 = Release|Any CPU
		{16729523-8296-4261-8AEE-8F148106C1E2}.AppStore|Any CPU.ActiveCfg = Release|Any CPU
		{16729523-8296-4261-8AEE-8F148106C1E2}.AppStore|Any CPU.Build.0 = Release|Any CPU
		{16729523-8296-4261-8AEE-8F148106C1E2}.AppStore|ARM.ActiveCfg = Release|Any CPU
		{16729523-8296-4261-8AEE-8F148106C1E2}.AppStore|ARM.Build.0 = Release|Any CPU
		{16729523-8296-4261-8AEE-8F148106C1E2}.AppStore|iPhone.ActiveCfg = Release|Any CPU
		{16729523-8296-4261-8AEE-8F148106C1E2}.AppStore|iPhone.Build.0 = Release|Any CPU
		{16729523-8296-4261-8AEE-8F148106C1E2}.AppStore|iPhoneSimulator.ActiveCfg = Release|Any CPU
		{16729523-8296-4261-8AEE-8F148106C1E2}.AppStore|iPhoneSimulator.Build.0 = Release|Any CPU
		{16729523-8296-4261-8AEE-8F148106C1E2}.AppStore|x64.ActiveCfg = Release|Any CPU
		{16729523-8296-4261-8AEE-8F148106C1E2}.AppStore|x64.Build.0 = Release|Any CPU
		{16729523-8296-4261-8AEE-8F148106C1E2}.AppStore|x86.ActiveCfg = Release|Any CPU
		{16729523-8296-4261-8AEE-8F148106C1E2}.AppStore|x86.Build.0 = Release|Any CPU
		{16729523-8296-4261-8AEE-8F148106C1E2}.Debug|Any CPU.ActiveCfg = Debug|Any CPU
		{16729523-8296-4261-8AEE-8F148106C1E2}.Debug|Any CPU.Build.0 = Debug|Any CPU
		{16729523-8296-4261-8AEE-8F148106C1E2}.Debug|ARM.ActiveCfg = Debug|Any CPU
		{16729523-8296-4261-8AEE-8F148106C1E2}.Debug|ARM.Build.0 = Debug|Any CPU
		{16729523-8296-4261-8AEE-8F148106C1E2}.Debug|iPhone.ActiveCfg = Debug|Any CPU
		{16729523-8296-4261-8AEE-8F148106C1E2}.Debug|iPhone.Build.0 = Debug|Any CPU
		{16729523-8296-4261-8AEE-8F148106C1E2}.Debug|iPhoneSimulator.ActiveCfg = Debug|Any CPU
		{16729523-8296-4261-8AEE-8F148106C1E2}.Debug|iPhoneSimulator.Build.0 = Debug|Any CPU
		{16729523-8296-4261-8AEE-8F148106C1E2}.Debug|x64.ActiveCfg = Debug|Any CPU
		{16729523-8296-4261-8AEE-8F148106C1E2}.Debug|x64.Build.0 = Debug|Any CPU
		{16729523-8296-4261-8AEE-8F148106C1E2}.Debug|x86.ActiveCfg = Debug|Any CPU
		{16729523-8296-4261-8AEE-8F148106C1E2}.Debug|x86.Build.0 = Debug|Any CPU
		{16729523-8296-4261-8AEE-8F148106C1E2}.Release|Any CPU.ActiveCfg = Release|Any CPU
		{16729523-8296-4261-8AEE-8F148106C1E2}.Release|Any CPU.Build.0 = Release|Any CPU
		{16729523-8296-4261-8AEE-8F148106C1E2}.Release|ARM.ActiveCfg = Release|Any CPU
		{16729523-8296-4261-8AEE-8F148106C1E2}.Release|ARM.Build.0 = Release|Any CPU
		{16729523-8296-4261-8AEE-8F148106C1E2}.Release|iPhone.ActiveCfg = Release|Any CPU
		{16729523-8296-4261-8AEE-8F148106C1E2}.Release|iPhone.Build.0 = Release|Any CPU
		{16729523-8296-4261-8AEE-8F148106C1E2}.Release|iPhoneSimulator.ActiveCfg = Release|Any CPU
		{16729523-8296-4261-8AEE-8F148106C1E2}.Release|iPhoneSimulator.Build.0 = Release|Any CPU
		{16729523-8296-4261-8AEE-8F148106C1E2}.Release|x64.ActiveCfg = Release|Any CPU
		{16729523-8296-4261-8AEE-8F148106C1E2}.Release|x64.Build.0 = Release|Any CPU
		{16729523-8296-4261-8AEE-8F148106C1E2}.Release|x86.ActiveCfg = Release|Any CPU
		{16729523-8296-4261-8AEE-8F148106C1E2}.Release|x86.Build.0 = Release|Any CPU
		{815D7558-1D54-4CDD-A39B-F0DCE3CB6E43}.Ad-Hoc|Any CPU.ActiveCfg = Release|Any CPU
		{815D7558-1D54-4CDD-A39B-F0DCE3CB6E43}.Ad-Hoc|Any CPU.Build.0 = Release|Any CPU
		{815D7558-1D54-4CDD-A39B-F0DCE3CB6E43}.Ad-Hoc|ARM.ActiveCfg = Release|Any CPU
		{815D7558-1D54-4CDD-A39B-F0DCE3CB6E43}.Ad-Hoc|ARM.Build.0 = Release|Any CPU
		{815D7558-1D54-4CDD-A39B-F0DCE3CB6E43}.Ad-Hoc|iPhone.ActiveCfg = Release|Any CPU
		{815D7558-1D54-4CDD-A39B-F0DCE3CB6E43}.Ad-Hoc|iPhone.Build.0 = Release|Any CPU
		{815D7558-1D54-4CDD-A39B-F0DCE3CB6E43}.Ad-Hoc|iPhoneSimulator.ActiveCfg = Release|Any CPU
		{815D7558-1D54-4CDD-A39B-F0DCE3CB6E43}.Ad-Hoc|iPhoneSimulator.Build.0 = Release|Any CPU
		{815D7558-1D54-4CDD-A39B-F0DCE3CB6E43}.Ad-Hoc|x64.ActiveCfg = Release|Any CPU
		{815D7558-1D54-4CDD-A39B-F0DCE3CB6E43}.Ad-Hoc|x64.Build.0 = Release|Any CPU
		{815D7558-1D54-4CDD-A39B-F0DCE3CB6E43}.Ad-Hoc|x86.ActiveCfg = Release|Any CPU
		{815D7558-1D54-4CDD-A39B-F0DCE3CB6E43}.Ad-Hoc|x86.Build.0 = Release|Any CPU
		{815D7558-1D54-4CDD-A39B-F0DCE3CB6E43}.AppStore|Any CPU.ActiveCfg = Release|Any CPU
		{815D7558-1D54-4CDD-A39B-F0DCE3CB6E43}.AppStore|Any CPU.Build.0 = Release|Any CPU
		{815D7558-1D54-4CDD-A39B-F0DCE3CB6E43}.AppStore|ARM.ActiveCfg = Release|Any CPU
		{815D7558-1D54-4CDD-A39B-F0DCE3CB6E43}.AppStore|ARM.Build.0 = Release|Any CPU
		{815D7558-1D54-4CDD-A39B-F0DCE3CB6E43}.AppStore|iPhone.ActiveCfg = Release|Any CPU
		{815D7558-1D54-4CDD-A39B-F0DCE3CB6E43}.AppStore|iPhone.Build.0 = Release|Any CPU
		{815D7558-1D54-4CDD-A39B-F0DCE3CB6E43}.AppStore|iPhoneSimulator.ActiveCfg = Release|Any CPU
		{815D7558-1D54-4CDD-A39B-F0DCE3CB6E43}.AppStore|iPhoneSimulator.Build.0 = Release|Any CPU
		{815D7558-1D54-4CDD-A39B-F0DCE3CB6E43}.AppStore|x64.ActiveCfg = Release|Any CPU
		{815D7558-1D54-4CDD-A39B-F0DCE3CB6E43}.AppStore|x64.Build.0 = Release|Any CPU
		{815D7558-1D54-4CDD-A39B-F0DCE3CB6E43}.AppStore|x86.ActiveCfg = Release|Any CPU
		{815D7558-1D54-4CDD-A39B-F0DCE3CB6E43}.AppStore|x86.Build.0 = Release|Any CPU
		{815D7558-1D54-4CDD-A39B-F0DCE3CB6E43}.Debug|Any CPU.ActiveCfg = Debug|Any CPU
		{815D7558-1D54-4CDD-A39B-F0DCE3CB6E43}.Debug|Any CPU.Build.0 = Debug|Any CPU
		{815D7558-1D54-4CDD-A39B-F0DCE3CB6E43}.Debug|ARM.ActiveCfg = Debug|Any CPU
		{815D7558-1D54-4CDD-A39B-F0DCE3CB6E43}.Debug|ARM.Build.0 = Debug|Any CPU
		{815D7558-1D54-4CDD-A39B-F0DCE3CB6E43}.Debug|iPhone.ActiveCfg = Debug|Any CPU
		{815D7558-1D54-4CDD-A39B-F0DCE3CB6E43}.Debug|iPhone.Build.0 = Debug|Any CPU
		{815D7558-1D54-4CDD-A39B-F0DCE3CB6E43}.Debug|iPhoneSimulator.ActiveCfg = Debug|Any CPU
		{815D7558-1D54-4CDD-A39B-F0DCE3CB6E43}.Debug|iPhoneSimulator.Build.0 = Debug|Any CPU
		{815D7558-1D54-4CDD-A39B-F0DCE3CB6E43}.Debug|x64.ActiveCfg = Debug|Any CPU
		{815D7558-1D54-4CDD-A39B-F0DCE3CB6E43}.Debug|x64.Build.0 = Debug|Any CPU
		{815D7558-1D54-4CDD-A39B-F0DCE3CB6E43}.Debug|x86.ActiveCfg = Debug|Any CPU
		{815D7558-1D54-4CDD-A39B-F0DCE3CB6E43}.Debug|x86.Build.0 = Debug|Any CPU
		{815D7558-1D54-4CDD-A39B-F0DCE3CB6E43}.Release|Any CPU.ActiveCfg = Release|Any CPU
		{815D7558-1D54-4CDD-A39B-F0DCE3CB6E43}.Release|Any CPU.Build.0 = Release|Any CPU
		{815D7558-1D54-4CDD-A39B-F0DCE3CB6E43}.Release|ARM.ActiveCfg = Release|Any CPU
		{815D7558-1D54-4CDD-A39B-F0DCE3CB6E43}.Release|ARM.Build.0 = Release|Any CPU
		{815D7558-1D54-4CDD-A39B-F0DCE3CB6E43}.Release|iPhone.ActiveCfg = Release|Any CPU
		{815D7558-1D54-4CDD-A39B-F0DCE3CB6E43}.Release|iPhone.Build.0 = Release|Any CPU
		{815D7558-1D54-4CDD-A39B-F0DCE3CB6E43}.Release|iPhoneSimulator.ActiveCfg = Release|Any CPU
		{815D7558-1D54-4CDD-A39B-F0DCE3CB6E43}.Release|iPhoneSimulator.Build.0 = Release|Any CPU
		{815D7558-1D54-4CDD-A39B-F0DCE3CB6E43}.Release|x64.ActiveCfg = Release|Any CPU
		{815D7558-1D54-4CDD-A39B-F0DCE3CB6E43}.Release|x64.Build.0 = Release|Any CPU
		{815D7558-1D54-4CDD-A39B-F0DCE3CB6E43}.Release|x86.ActiveCfg = Release|Any CPU
		{815D7558-1D54-4CDD-A39B-F0DCE3CB6E43}.Release|x86.Build.0 = Release|Any CPU
		{EC978ACA-9A31-4B2B-B8BB-E57464966D30}.Ad-Hoc|Any CPU.ActiveCfg = Release|Any CPU
		{EC978ACA-9A31-4B2B-B8BB-E57464966D30}.Ad-Hoc|Any CPU.Build.0 = Release|Any CPU
		{EC978ACA-9A31-4B2B-B8BB-E57464966D30}.Ad-Hoc|ARM.ActiveCfg = Release|Any CPU
		{EC978ACA-9A31-4B2B-B8BB-E57464966D30}.Ad-Hoc|ARM.Build.0 = Release|Any CPU
		{EC978ACA-9A31-4B2B-B8BB-E57464966D30}.Ad-Hoc|iPhone.ActiveCfg = Release|Any CPU
		{EC978ACA-9A31-4B2B-B8BB-E57464966D30}.Ad-Hoc|iPhone.Build.0 = Release|Any CPU
		{EC978ACA-9A31-4B2B-B8BB-E57464966D30}.Ad-Hoc|iPhoneSimulator.ActiveCfg = Release|Any CPU
		{EC978ACA-9A31-4B2B-B8BB-E57464966D30}.Ad-Hoc|iPhoneSimulator.Build.0 = Release|Any CPU
		{EC978ACA-9A31-4B2B-B8BB-E57464966D30}.Ad-Hoc|x64.ActiveCfg = Release|Any CPU
		{EC978ACA-9A31-4B2B-B8BB-E57464966D30}.Ad-Hoc|x64.Build.0 = Release|Any CPU
		{EC978ACA-9A31-4B2B-B8BB-E57464966D30}.Ad-Hoc|x86.ActiveCfg = Release|Any CPU
		{EC978ACA-9A31-4B2B-B8BB-E57464966D30}.Ad-Hoc|x86.Build.0 = Release|Any CPU
		{EC978ACA-9A31-4B2B-B8BB-E57464966D30}.AppStore|Any CPU.ActiveCfg = Release|Any CPU
		{EC978ACA-9A31-4B2B-B8BB-E57464966D30}.AppStore|Any CPU.Build.0 = Release|Any CPU
		{EC978ACA-9A31-4B2B-B8BB-E57464966D30}.AppStore|ARM.ActiveCfg = Release|Any CPU
		{EC978ACA-9A31-4B2B-B8BB-E57464966D30}.AppStore|ARM.Build.0 = Release|Any CPU
		{EC978ACA-9A31-4B2B-B8BB-E57464966D30}.AppStore|iPhone.ActiveCfg = Release|Any CPU
		{EC978ACA-9A31-4B2B-B8BB-E57464966D30}.AppStore|iPhone.Build.0 = Release|Any CPU
		{EC978ACA-9A31-4B2B-B8BB-E57464966D30}.AppStore|iPhoneSimulator.ActiveCfg = Release|Any CPU
		{EC978ACA-9A31-4B2B-B8BB-E57464966D30}.AppStore|iPhoneSimulator.Build.0 = Release|Any CPU
		{EC978ACA-9A31-4B2B-B8BB-E57464966D30}.AppStore|x64.ActiveCfg = Release|Any CPU
		{EC978ACA-9A31-4B2B-B8BB-E57464966D30}.AppStore|x64.Build.0 = Release|Any CPU
		{EC978ACA-9A31-4B2B-B8BB-E57464966D30}.AppStore|x86.ActiveCfg = Release|Any CPU
		{EC978ACA-9A31-4B2B-B8BB-E57464966D30}.AppStore|x86.Build.0 = Release|Any CPU
		{EC978ACA-9A31-4B2B-B8BB-E57464966D30}.Debug|Any CPU.ActiveCfg = Debug|Any CPU
		{EC978ACA-9A31-4B2B-B8BB-E57464966D30}.Debug|Any CPU.Build.0 = Debug|Any CPU
		{EC978ACA-9A31-4B2B-B8BB-E57464966D30}.Debug|ARM.ActiveCfg = Debug|Any CPU
		{EC978ACA-9A31-4B2B-B8BB-E57464966D30}.Debug|ARM.Build.0 = Debug|Any CPU
		{EC978ACA-9A31-4B2B-B8BB-E57464966D30}.Debug|iPhone.ActiveCfg = Debug|Any CPU
		{EC978ACA-9A31-4B2B-B8BB-E57464966D30}.Debug|iPhone.Build.0 = Debug|Any CPU
		{EC978ACA-9A31-4B2B-B8BB-E57464966D30}.Debug|iPhoneSimulator.ActiveCfg = Debug|Any CPU
		{EC978ACA-9A31-4B2B-B8BB-E57464966D30}.Debug|iPhoneSimulator.Build.0 = Debug|Any CPU
		{EC978ACA-9A31-4B2B-B8BB-E57464966D30}.Debug|x64.ActiveCfg = Debug|Any CPU
		{EC978ACA-9A31-4B2B-B8BB-E57464966D30}.Debug|x64.Build.0 = Debug|Any CPU
		{EC978ACA-9A31-4B2B-B8BB-E57464966D30}.Debug|x86.ActiveCfg = Debug|Any CPU
		{EC978ACA-9A31-4B2B-B8BB-E57464966D30}.Debug|x86.Build.0 = Debug|Any CPU
		{EC978ACA-9A31-4B2B-B8BB-E57464966D30}.Release|Any CPU.ActiveCfg = Release|Any CPU
		{EC978ACA-9A31-4B2B-B8BB-E57464966D30}.Release|Any CPU.Build.0 = Release|Any CPU
		{EC978ACA-9A31-4B2B-B8BB-E57464966D30}.Release|ARM.ActiveCfg = Release|Any CPU
		{EC978ACA-9A31-4B2B-B8BB-E57464966D30}.Release|ARM.Build.0 = Release|Any CPU
		{EC978ACA-9A31-4B2B-B8BB-E57464966D30}.Release|iPhone.ActiveCfg = Release|Any CPU
		{EC978ACA-9A31-4B2B-B8BB-E57464966D30}.Release|iPhone.Build.0 = Release|Any CPU
		{EC978ACA-9A31-4B2B-B8BB-E57464966D30}.Release|iPhoneSimulator.ActiveCfg = Release|Any CPU
		{EC978ACA-9A31-4B2B-B8BB-E57464966D30}.Release|iPhoneSimulator.Build.0 = Release|Any CPU
		{EC978ACA-9A31-4B2B-B8BB-E57464966D30}.Release|x64.ActiveCfg = Release|Any CPU
		{EC978ACA-9A31-4B2B-B8BB-E57464966D30}.Release|x64.Build.0 = Release|Any CPU
		{EC978ACA-9A31-4B2B-B8BB-E57464966D30}.Release|x86.ActiveCfg = Release|Any CPU
		{EC978ACA-9A31-4B2B-B8BB-E57464966D30}.Release|x86.Build.0 = Release|Any CPU
	EndGlobalSection
	GlobalSection(SolutionProperties) = preSolution
		HideSolutionNode = FALSE
	EndGlobalSection
	GlobalSection(ExtensibilityGlobals) = postSolution
		SolutionGuid = {C8680DDB-0E0E-416D-917A-CA4FFB55F5E9}
	EndGlobalSection
EndGlobal
